# THIS IS AN AUTOGENERATED FILE. DO NOT EDIT THIS FILE DIRECTLY.
# yarn lockfile v1


"@comunica/actor-abstract-mediatyped@^4.0.2":
  version "4.0.2"
  resolved "https://registry.yarnpkg.com/@comunica/actor-abstract-mediatyped/-/actor-abstract-mediatyped-4.0.2.tgz#1850698d7f2ea525d28f64bc0b890884117a0880"
  integrity sha512-WN14hyPi0d2vpRnHd3JgVZm/6OlgG2Hn2q3cxOHYXNYBGVXE2g+1wlWe6WPW8HsGz3waO2rj0VKIXo0UsCPm6w==
  dependencies:
    "@comunica/core" "^4.0.2"
    "@comunica/types" "^4.0.2"

"@comunica/actor-rdf-serialize-jsonld@^4.0.1":
  version "4.0.2"
  resolved "https://registry.yarnpkg.com/@comunica/actor-rdf-serialize-jsonld/-/actor-rdf-serialize-jsonld-4.0.2.tgz#c63d2c02d2edebc647a17480104988d8ea97fd06"
  integrity sha512-F/H+Cj7uOnCGg7Wm277Pxcul+UeEld8HeZP7pBTR2Ee6MUtIBm7CJUG/qEKnBEAcH8KpW+ZuWZTfz4yRjWpzxg==
  dependencies:
    "@comunica/bus-rdf-serialize" "^4.0.2"
    "@comunica/types" "^4.0.2"
    jsonld-streaming-serializer "^3.0.1"

"@comunica/actor-rdf-serialize-n3@^4.0.1":
  version "4.0.2"
  resolved "https://registry.yarnpkg.com/@comunica/actor-rdf-serialize-n3/-/actor-rdf-serialize-n3-4.0.2.tgz#e3d99fc86060ee6d5f0cdc783e8d432edfe640d6"
  integrity sha512-2bOBKVMJI8LN9sLfmh3TgaUdQ6KYWCTRwH7teeYZ5mi1bJS/TwzNUVprjUZhQrYNYnXbQvrpjf3RjR8zzU6Grg==
  dependencies:
    "@comunica/bus-rdf-serialize" "^4.0.2"
    n3 "^1.17.0"

"@comunica/actor-rdf-serialize-shaclc@^4.0.1":
  version "4.0.2"
  resolved "https://registry.yarnpkg.com/@comunica/actor-rdf-serialize-shaclc/-/actor-rdf-serialize-shaclc-4.0.2.tgz#ac0581d894df8a6946f1d024e17803619a2bc97a"
  integrity sha512-lkwoHqUu0/d4mi7knjMAG5D+Ck88HCnUhdiCgUV8M/B2ruF5jqkz+9UAh+ORnKeYsjT5MQOd3pdG/xW12PVefA==
  dependencies:
    "@comunica/bus-rdf-serialize" "^4.0.2"
    arrayify-stream "^2.0.1"
    readable-stream "^4.5.2"
    shaclc-write "^1.4.2"

"@comunica/bus-init@^4.0.1":
  version "4.0.2"
  resolved "https://registry.yarnpkg.com/@comunica/bus-init/-/bus-init-4.0.2.tgz#2eb122b434bdf3964183a6199526a68d19601345"
  integrity sha512-sY0C4ri1oBpiEgAD6s7TF/YG8pQz5sYrnOh93M+QDfKxdJiT7NtxRgkxriGBwB1dH6x7KMymogbbW6jXQccv6g==
  dependencies:
    "@comunica/core" "^4.0.2"
    readable-stream "^4.5.2"

"@comunica/bus-rdf-serialize@^4.0.1", "@comunica/bus-rdf-serialize@^4.0.2":
  version "4.0.2"
  resolved "https://registry.yarnpkg.com/@comunica/bus-rdf-serialize/-/bus-rdf-serialize-4.0.2.tgz#07c212d56533a508b28770c63b8929cc3b1143e8"
  integrity sha512-e4Z3JaZ30iVWgHjehh+0nK5+x292HEKsHpSsTETzWZz6e0g1gkfZDzUMAB3cNiensvD6XPpXKSUnwqP2Lfz4UA==
  dependencies:
    "@comunica/actor-abstract-mediatyped" "^4.0.2"
    "@comunica/core" "^4.0.2"
    "@rdfjs/types" "*"

"@comunica/config-query-sparql@^4.0.1":
  version "4.0.1"
  resolved "https://registry.yarnpkg.com/@comunica/config-query-sparql/-/config-query-sparql-4.0.1.tgz#ad7da2b3636aaf7dd3eb5b4918c76ac3bf2c61d7"
  integrity sha512-jNuRl7PmOKillPfvIzmO+I7IFP0nroFQrZaX/4pUIqe4WNrSCzjZqrLnru0BQtFE5LXcaEA9IdtISSfjwTFt2w==

"@comunica/core@^4.0.1", "@comunica/core@^4.0.2":
  version "4.0.2"
  resolved "https://registry.yarnpkg.com/@comunica/core/-/core-4.0.2.tgz#7a2acfa5ead8b34850734bbb271f67fe499efc3f"
  integrity sha512-VDh3mejUyqhV2Hf/f43iBWrsAjYfULV+FbF0v/AR1tgESkCS7z949Dzbu8YgkL1CaTX6Ohmqgrhc/yEd9CGZ6Q==
  dependencies:
    "@comunica/types" "^4.0.2"
    immutable "^4.3.7"

"@comunica/mediator-combine-pipeline@^4.0.1":
  version "4.0.2"
  resolved "https://registry.yarnpkg.com/@comunica/mediator-combine-pipeline/-/mediator-combine-pipeline-4.0.2.tgz#dcd3ddfd10fcc81b272bb2304ec67017456dada3"
  integrity sha512-bU66ZgbP0v7SznZ3SGQXabYsQbUUErrT++WSDfv9w/jm7UJidt8mpRZfPTD0q83Cxu+yfOU5c9ToSVMT93CLGg==
  dependencies:
    "@comunica/core" "^4.0.2"
    "@comunica/types" "^4.0.2"

"@comunica/mediator-combine-union@^4.0.1":
  version "4.0.2"
  resolved "https://registry.yarnpkg.com/@comunica/mediator-combine-union/-/mediator-combine-union-4.0.2.tgz#f2b3b4b9da6b90934a890f2acacc0ebf2061607e"
  integrity sha512-upb0h6pWgithAvTH9iTa8lVQkUaI4a/+f7oh/F3suBULOA3mlACLp3eQU8w9tUnnKYujI7+sW9lH9uRkF34o7A==
  dependencies:
    "@comunica/core" "^4.0.2"

"@comunica/mediator-race@^4.0.1":
  version "4.0.2"
  resolved "https://registry.yarnpkg.com/@comunica/mediator-race/-/mediator-race-4.0.2.tgz#89b0992037b7bb3eb7caa5c5de3b583670613129"
  integrity sha512-gzPRxWZaWwBEzfKPy3Qhuk1oDLd4hE+AvAbA4rE7xICmF4sgU/wSHiBM809vhi6HE818d509xFwEB9R/gXDNNQ==
  dependencies:
    "@comunica/core" "^4.0.2"

"@comunica/types@^4.0.2":
  version "4.0.2"
  resolved "https://registry.yarnpkg.com/@comunica/types/-/types-4.0.2.tgz#7ebe746ffcbb166ef0f9f95c7f7b5f04747ef6fc"
  integrity sha512-Gxx755NlVww5BpdREYFYUYNazCazQsk2NMCuRfIEyHmCtU2eCc6RJk6YqKKLRCjaHcWIfBVtbbsbySzG8leS0g==
  dependencies:
    "@rdfjs/types" "*"
    "@types/yargs" "^17.0.24"
    asynciterator "^3.9.0"
    lru-cache "^10.0.1"
    sparqlalgebrajs "^4.3.8"

"@digitalbazaar/http-client@^3.4.1":
  version "3.4.1"
  resolved "https://registry.yarnpkg.com/@digitalbazaar/http-client/-/http-client-3.4.1.tgz#5116fc44290d647cfe4b615d1f3fad9d6005e44d"
  integrity sha512-Ahk1N+s7urkgj7WvvUND5f8GiWEPfUw0D41hdElaqLgu8wZScI8gdI0q+qWw5N1d35x7GCRH2uk9mi+Uzo9M3g==
  dependencies:
    ky "^0.33.3"
    ky-universal "^0.11.0"
    undici "^5.21.2"

"@fastify/busboy@^2.0.0":
  version "2.1.1"
  resolved "https://registry.yarnpkg.com/@fastify/busboy/-/busboy-2.1.1.tgz#b9da6a878a371829a0502c9b6c1c143ef6663f4d"
  integrity sha512-vBZP4NlzfOlerQTnba4aqZoMhE/a9HY7HRqoOPaETQcSQuWEIyZMHGfVu6w9wGtGK5fED5qRs2DteVCjOH60sA==

"@jeswr/prefixcc@^1.2.1":
  version "1.2.1"
  resolved "https://registry.yarnpkg.com/@jeswr/prefixcc/-/prefixcc-1.2.1.tgz#db4290930fd8f623204199075c6c710c47637faa"
  integrity sha512-kBBXbqsaeh3Irp416h/RbelqJgIOp6X/OJJlYmLyr/9qlBYKTKSCuEv5/xjZ0Yf8Yec+QFRYBaOQ2JkMBSH7KA==
  dependencies:
    cross-fetch "^3.1.5"
  optionalDependencies:
    fsevents "^2.3.2"

"@rdfjs/types@*", "@rdfjs/types@>=1.0.0":
  version "1.1.2"
  resolved "https://registry.npmjs.org/@rdfjs/types/-/types-1.1.2.tgz"
  integrity sha512-wqpOJK1QCbmsGNtyzYnojPU8gRDPid2JO0Q0kMtb4j65xhCK880cnKAfEOwC+dX85VJcCByQx5zOwyyfCjDJsg==
  dependencies:
    "@types/node" "*"

"@rmlio/rmlmapper-java-wrapper@^2.1.2":
  version "2.1.2"
  resolved "https://registry.npmjs.org/@rmlio/rmlmapper-java-wrapper/-/rmlmapper-java-wrapper-2.1.2.tgz"
  integrity sha512-T3YXUBDarPDmr6NyuZuXOBEA91XBVo/PBtcyQX0Gq9/f9727IehFwXk8BD9FVei93e1cJOcdGvylbTvh0n+pKg==
  dependencies:
    crypto-js "^4.1.1"
    follow-redirects "^1.15.2"
    fs-extra "^11.1.1"
    n3 "^1.17.1"
    rdf-isomorphic "^1.3.1"
    uuid "^9.0.1"

"@types/http-link-header@^1.0.1":
  version "1.0.7"
  resolved "https://registry.yarnpkg.com/@types/http-link-header/-/http-link-header-1.0.7.tgz#bb1a1671a8c6d93717e0057072e9253113fdc875"
  integrity sha512-snm5oLckop0K3cTDAiBnZDy6ncx9DJ3mCRDvs42C884MbVYPP74Tiq2hFsSDRTyjK6RyDYDIulPiW23ge+g5Lw==
  dependencies:
    "@types/node" "*"

"@types/node@*":
  version "22.7.5"
  resolved "https://registry.npmjs.org/@types/node/-/node-22.7.5.tgz"
  integrity sha512-jML7s2NAzMWc//QSJ1a3prpk78cOPchGvXJsC3C6R6PSMoooztvRVQEz89gmBTBY1SPMaqo5teB4uNHPdetShQ==
  dependencies:
    undici-types "~6.19.2"

"@types/node@^18.0.0":
  version "18.19.59"
  resolved "https://registry.yarnpkg.com/@types/node/-/node-18.19.59.tgz#2de1b95b0b468089b616b2feb809755d70a74949"
  integrity sha512-vizm2EqwV/7Zay+A6J3tGl9Lhr7CjZe2HmWS988sefiEmsyP9CeXEleho6i4hJk/8UtZAo0bWN4QPZZr83RxvQ==
  dependencies:
    undici-types "~5.26.4"

"@types/readable-stream@^4.0.0":
  version "4.0.16"
  resolved "https://registry.yarnpkg.com/@types/readable-stream/-/readable-stream-4.0.16.tgz#491ea991b327b1d62d4092fb22893e0d7e30c8f1"
  integrity sha512-Fvp+8OcU8PyV90KTk5tR/rI8OjD3MP5NUow5rjOsZo+9zxf4p4soJtK9j4V6yeG30TH6rZxqRaP4JLa8lNNTNQ==
  dependencies:
    "@types/node" "*"
    safe-buffer "~5.1.1"

"@types/sparqljs@^3.1.3":
  version "3.1.11"
  resolved "https://registry.yarnpkg.com/@types/sparqljs/-/sparqljs-3.1.11.tgz#c383f5751f5c9d8c58bad7907bf46451ab003bea"
  integrity sha512-C6nWzeACV4owPvPvuFQU/m0MGiqhs8M56sm3okHOQz3DW593eZRU306xUIM/XvUIEPfc9Cn/AzaA1J5NpF1VpA==
  dependencies:
    "@rdfjs/types" ">=1.0.0"

"@types/yargs-parser@*":
  version "21.0.3"
  resolved "https://registry.yarnpkg.com/@types/yargs-parser/-/yargs-parser-21.0.3.tgz#815e30b786d2e8f0dcd85fd5bcf5e1a04d008f15"
  integrity sha512-I4q9QU9MQv4oEOz4tAHJtNz1cwuLxn2F3xcc2iV5WdqLPpUnj30aUuxt1mAxYTG+oe8CZMV/+6rU4S4gRDzqtQ==

"@types/yargs@^17.0.24":
  version "17.0.33"
  resolved "https://registry.yarnpkg.com/@types/yargs/-/yargs-17.0.33.tgz#8c32303da83eec050a84b3c7ae7b9f922d13e32d"
  integrity sha512-WpxBCKWPLr4xSsHgz511rFJAM+wS28w2zEO1QDNY5zM/S8ok70NNfztH0xwhqKyaK0OHCbN98LDAZuy1ctxDkA==
  dependencies:
    "@types/yargs-parser" "*"

abort-controller@^3.0.0:
  version "3.0.0"
  resolved "https://registry.npmjs.org/abort-controller/-/abort-controller-3.0.0.tgz"
  integrity sha512-h8lQ8tacZYnR3vNQTgibj+tODHI5/+l06Au2Pcriv/Gmet0eaj4TwWH41sO9wnHDiQsEj19q0drzdWdeAHtweg==
  dependencies:
    event-target-shim "^5.0.0"

arrayify-stream@^2.0.1:
  version "2.0.1"
  resolved "https://registry.yarnpkg.com/arrayify-stream/-/arrayify-stream-2.0.1.tgz#1981e419a7aa7ddc6b6a7b46ef86e10785425f81"
  integrity sha512-z8fB6PtmnewQpFB53piS2d1KlUi3BPMICH2h7leCOUXpQcwvZ4GbHHSpdKoUrgLMR6b4Qan/uDe1St3Ao3yIHg==

asynciterator@^3.9.0:
  version "3.9.0"
  resolved "https://registry.yarnpkg.com/asynciterator/-/asynciterator-3.9.0.tgz#6e9a69623c4cec07e4cd85130416d52899f4e93f"
  integrity sha512-bwLLTAnoE6Ap6XdjK/j8vDk2Vi9p3ojk0PFwM0SwktAG1k8pfRJF9ng+mmkaRFKdZCQQlOxcWnvOmX2NQ1HV0g==

base64-js@^1.3.1:
  version "1.5.1"
  resolved "https://registry.npmjs.org/base64-js/-/base64-js-1.5.1.tgz"
  integrity sha512-AKpaYlHn8t4SVbOHCy+b5+KKgvR4vrsD8vbvrbiQJps7fKDTkjkDry6ji0rUJjC0kzbNePLwzxq8iypo41qeWA==

buffer@^6.0.3:
  version "6.0.3"
  resolved "https://registry.npmjs.org/buffer/-/buffer-6.0.3.tgz"
  integrity sha512-FTiCpNxtwiZZHEZbcbTIcZjERVICn9yq/pDFkTl95/AxzD1naBctN7YO68riM/gLSDY7sdrMby8hofADYuuqOA==
  dependencies:
    base64-js "^1.3.1"
    ieee754 "^1.2.1"

canonicalize@^1.0.1:
  version "1.0.8"
  resolved "https://registry.yarnpkg.com/canonicalize/-/canonicalize-1.0.8.tgz#24d1f1a00ed202faafd9bf8e63352cd4450c6df1"
  integrity sha512-0CNTVCLZggSh7bc5VkX5WWPWO+cyZbNd07IHIsSXLia/eAq+r836hgk+8BKoEh7949Mda87VUOitx5OddVj64A==

commander@^12.1.0:
  version "12.1.0"
  resolved "https://registry.npmjs.org/commander/-/commander-12.1.0.tgz"
  integrity sha512-Vw8qHK3bZM9y/P10u3Vib8o/DdkvA2OtPtZvD871QKjy74Wj1WSKFILMPRPSdUSx5RFK1arlJzEtA4PkFgnbuA==

cross-fetch@^3.1.5:
  version "3.1.8"
  resolved "https://registry.yarnpkg.com/cross-fetch/-/cross-fetch-3.1.8.tgz#0327eba65fd68a7d119f8fb2bf9334a1a7956f82"
  integrity sha512-cvA+JwZoU0Xq+h6WkMvAUqPEYy92Obet6UdKLfW60qn99ftItKjB5T+BkyWOFWe2pUyfQ+IJHmpOTznqk1M6Kg==
  dependencies:
    node-fetch "^2.6.12"

crypto-js@^4.1.1:
  version "4.2.0"
  resolved "https://registry.npmjs.org/crypto-js/-/crypto-js-4.2.0.tgz"
  integrity sha512-KALDyEYgpY+Rlob/iriUtjV6d5Eq+Y191A5g4UqLAi8CyGP9N1+FdVbkc1SxKc2r4YAYqG8JzO2KGL+AizD70Q==

data-uri-to-buffer@^4.0.0:
  version "4.0.1"
  resolved "https://registry.yarnpkg.com/data-uri-to-buffer/-/data-uri-to-buffer-4.0.1.tgz#d8feb2b2881e6a4f58c2e08acfd0e2834e26222e"
  integrity sha512-0R9ikRb668HB7QDxT1vkpuUBtqc53YyAwMwGeUFKRojY/NWKvdZ+9UYtRfGmhqNbRkTSVpMbmyhXipFFv2cb/A==

dotenv@^16.4.5:
  version "16.4.5"
  resolved "https://registry.npmjs.org/dotenv/-/dotenv-16.4.5.tgz"
  integrity sha512-ZmdL2rui+eB2YwhsWzjInR8LldtZHGDoQ1ugH85ppHKwpUHL7j7rN0Ti9NCnGiQbhaZ11FpR+7ao1dNsmduNUg==

event-target-shim@^5.0.0:
  version "5.0.1"
  resolved "https://registry.npmjs.org/event-target-shim/-/event-target-shim-5.0.1.tgz"
  integrity sha512-i/2XbnSz/uxRCU6+NdVJgKWDTM427+MqYbkQzD321DuCQJUqOuJKIA0IM2+W2xtYHdKOmZ4dR6fExsd4SXL+WQ==

events@^3.3.0:
  version "3.3.0"
  resolved "https://registry.npmjs.org/events/-/events-3.3.0.tgz"
  integrity sha512-mQw+2fkQbALzQ7V0MY0IqdnXNOeTtP4r0lN9z7AAawCXgqea7bDii20AYrIBrFd/Hx0M2Ocz6S111CaFkUcb0Q==

fast-deep-equal@^3.1.3:
  version "3.1.3"
  resolved "https://registry.yarnpkg.com/fast-deep-equal/-/fast-deep-equal-3.1.3.tgz#3a7d56b559d6cbc3eb512325244e619a65c6c525"
  integrity sha512-f3qQ9oQy9j2AhBe/H9VC91wLmKBCCU/gDOnKNAYG5hswO7BLKj09Hc5HYNz9cGI++xlpDCIgDaitVs03ATR84Q==

fetch-blob@^3.1.2, fetch-blob@^3.1.4:
  version "3.2.0"
  resolved "https://registry.yarnpkg.com/fetch-blob/-/fetch-blob-3.2.0.tgz#f09b8d4bbd45adc6f0c20b7e787e793e309dcce9"
  integrity sha512-7yAQpD2UMJzLi1Dqv7qFYnPbaPx7ZfFK6PiIxQ4PfkGPyNyl2Ugx+a/umUonmKqjhM4DnfbMvdX6otXq83soQQ==
  dependencies:
    node-domexception "^1.0.0"
    web-streams-polyfill "^3.0.3"

follow-redirects@^1.15.2:
  version "1.15.9"
  resolved "https://registry.npmjs.org/follow-redirects/-/follow-redirects-1.15.9.tgz"
  integrity sha512-gew4GsXizNgdoRyqmyfMHyAmXsZDk6mHkSxZFCzW9gwlbtOW44CDtYavM+y+72qD/Vq2l550kMF52DT8fOLJqQ==

formdata-polyfill@^4.0.10:
  version "4.0.10"
  resolved "https://registry.yarnpkg.com/formdata-polyfill/-/formdata-polyfill-4.0.10.tgz#24807c31c9d402e002ab3d8c720144ceb8848423"
  integrity sha512-buewHzMvYL29jdeQTVILecSaZKnt/RJWjoZCF5OW60Z67/GmSLBkOFM7qh1PI3zFNtJbaZL5eQu1vLfazOwj4g==
  dependencies:
    fetch-blob "^3.1.2"

fs-extra@^11.1.1:
  version "11.2.0"
  resolved "https://registry.npmjs.org/fs-extra/-/fs-extra-11.2.0.tgz"
  integrity sha512-PmDi3uwK5nFuXh7XDTlVnS17xJS7vW36is2+w3xcv8SVxiB4NyATf4ctkVY5bkSjX0Y4nbvZCq1/EjtEyr9ktw==
  dependencies:
    graceful-fs "^4.2.0"
    jsonfile "^6.0.1"
    universalify "^2.0.0"

fsevents@^2.3.2:
  version "2.3.3"
  resolved "https://registry.yarnpkg.com/fsevents/-/fsevents-2.3.3.tgz#cac6407785d03675a2a5e1a5305c697b347d90d6"
  integrity sha512-5xoDfX+fL7faATnagmWPpbFtwh/R77WmMMqqHGS65C3vvB0YHrgF+B1YmZ3441tMj5n63k0212XNoJwzlhffQw==

graceful-fs@^4.1.6, graceful-fs@^4.2.0:
  version "4.2.11"
  resolved "https://registry.npmjs.org/graceful-fs/-/graceful-fs-4.2.11.tgz"
  integrity sha512-RbJ5/jmFcNNCcDV5o9eTnBLJ/HszWV0P73bc+Ff4nS/rJj+YaS6IGyiOL0VoBYX+l1Wrl3k63h/KrH+nhJ0XvQ==

hash.js@^1.1.7:
  version "1.1.7"
  resolved "https://registry.npmjs.org/hash.js/-/hash.js-1.1.7.tgz"
  integrity sha512-taOaskGt4z4SOANNseOviYDvjEJinIkRgmp7LbKP2YTTmVxWBl87s/uzK9r+44BclBSp2X7K1hqeNfz9JbBeXA==
  dependencies:
    inherits "^2.0.3"
    minimalistic-assert "^1.0.1"

http-link-header@^1.0.2:
  version "1.1.3"
  resolved "https://registry.yarnpkg.com/http-link-header/-/http-link-header-1.1.3.tgz#b367b7a0ad1cf14027953f31aa1df40bb433da2a"
  integrity sha512-3cZ0SRL8fb9MUlU3mKM61FcQvPfXx2dBrZW3Vbg5CXa8jFlK8OaEpePenLe1oEXQduhz8b0QjsqfS59QP4AJDQ==

ieee754@^1.2.1:
  version "1.2.1"
  resolved "https://registry.npmjs.org/ieee754/-/ieee754-1.2.1.tgz"
  integrity sha512-dcyqhDvX1C46lXZcVqCpK+FtMRQVdIMN6/Df5js2zouUsqG7I6sFxitIC+7KYK29KdXOLHdu9zL4sFnoVQnqaA==

immutable@^4.3.7:
  version "4.3.7"
  resolved "https://registry.yarnpkg.com/immutable/-/immutable-4.3.7.tgz#c70145fc90d89fb02021e65c84eb0226e4e5a381"
  integrity sha512-1hqclzwYwjRDFLjcFxOM5AYkkG0rpFPpr1RLPMEuGczoS7YA8gLhy8SWXYRAA/XwfEHpfo3cw5JGioS32fnMRw==

inherits@^2.0.3:
  version "2.0.4"
  resolved "https://registry.npmjs.org/inherits/-/inherits-2.0.4.tgz"
  integrity sha512-k/vGaX4/Yla3WzyMCvTQOXYeIHvqOKtnqBduzTHpzpQZzAskKMhZ2K+EnBiSM9zGSoIFeMpXKxa4dYeZIQqewQ==

jsonfile@^6.0.1:
  version "6.1.0"
  resolved "https://registry.npmjs.org/jsonfile/-/jsonfile-6.1.0.tgz"
  integrity sha512-5dgndWOriYSm5cnYaJNhalLNDKOqFwyDB/rr1E9ZsGciGvKPs8R2xYGCacuf3z6K1YKDz182fd+fY3cn3pMqXQ==
  dependencies:
    universalify "^2.0.0"
  optionalDependencies:
    graceful-fs "^4.1.6"

jsonld-context-parser@^3.0.0:
  version "3.0.0"
  resolved "https://registry.yarnpkg.com/jsonld-context-parser/-/jsonld-context-parser-3.0.0.tgz#43992862fc3eabcee9940cf4c44bb2b0dbe2542c"
  integrity sha512-Kg6TVtBUdIm057ht/8WNhM9BROt+BeYaDGXbzrKaa3xA99csee+CsD8IMCTizRgzoO8PIzvzcxxCoRvpq1xNQw==
  dependencies:
    "@types/http-link-header" "^1.0.1"
    "@types/node" "^18.0.0"
    http-link-header "^1.0.2"
    relative-to-absolute-iri "^1.0.5"

jsonld-streaming-serializer@^3.0.1:
  version "3.0.1"
  resolved "https://registry.yarnpkg.com/jsonld-streaming-serializer/-/jsonld-streaming-serializer-3.0.1.tgz#42c4e748060924586d71b0f80800c0f05e613a63"
  integrity sha512-lw5Z785Km53DRZ0ngyEamC3ojGdjFRDKvUt3b7lW5e8sqmTc7GHZxFBBw7IIqbb0Wc2WNksoXewmF13FC9bPNg==
  dependencies:
    "@rdfjs/types" "*"
    "@types/readable-stream" "^4.0.0"
    buffer "^6.0.3"
    jsonld-context-parser "^3.0.0"
    readable-stream "^4.0.0"

jsonld@^8.3.2:
  version "8.3.2"
  resolved "https://registry.yarnpkg.com/jsonld/-/jsonld-8.3.2.tgz#7033f8994aed346b536e9046025f7f1fe9669934"
  integrity sha512-MwBbq95szLwt8eVQ1Bcfwmgju/Y5P2GdtlHE2ncyfuYjIdEhluUVyj1eudacf1mOkWIoS9GpDBTECqhmq7EOaA==
  dependencies:
    "@digitalbazaar/http-client" "^3.4.1"
    canonicalize "^1.0.1"
    lru-cache "^6.0.0"
    rdf-canonize "^3.4.0"

ky-universal@^0.11.0:
  version "0.11.0"
  resolved "https://registry.yarnpkg.com/ky-universal/-/ky-universal-0.11.0.tgz#f5edf857865aaaea416a1968222148ad7d9e4017"
  integrity sha512-65KyweaWvk+uKKkCrfAf+xqN2/epw1IJDtlyCPxYffFCMR8u1sp2U65NtWpnozYfZxQ6IUzIlvUcw+hQ82U2Xw==
  dependencies:
    abort-controller "^3.0.0"
    node-fetch "^3.2.10"

ky@^0.33.3:
  version "0.33.3"
  resolved "https://registry.yarnpkg.com/ky/-/ky-0.33.3.tgz#bf1ad322a3f2c3428c13cfa4b3af95e6c4a2f543"
  integrity sha512-CasD9OCEQSFIam2U8efFK81Yeg8vNMTBUqtMOHlrcWQHqUX3HeCl9Dr31u4toV7emlH8Mymk5+9p0lL6mKb/Xw==

lru-cache@^10.0.1:
  version "10.4.3"
  resolved "https://registry.yarnpkg.com/lru-cache/-/lru-cache-10.4.3.tgz#410fc8a17b70e598013df257c2446b7f3383f119"
  integrity sha512-JNAzZcXrCt42VGLuYz0zfAzDfAvJWW6AfYlDBQyDV5DClI2m5sAmK+OIO7s59XfsRsWHp02jAJrRadPRGTt6SQ==

lru-cache@^6.0.0:
  version "6.0.0"
  resolved "https://registry.yarnpkg.com/lru-cache/-/lru-cache-6.0.0.tgz#6d6fe6570ebd96aaf90fcad1dafa3b2566db3a94"
  integrity sha512-Jo6dJ04CmSjuznwJSS3pUeWmd/H0ffTlkXXgwZi+eq1UCmqQwCh+eLsYOYCwY991i2Fah4h1BEMCx4qThGbsiA==
  dependencies:
    yallist "^4.0.0"

minimalistic-assert@^1.0.1:
  version "1.0.1"
  resolved "https://registry.npmjs.org/minimalistic-assert/-/minimalistic-assert-1.0.1.tgz"
  integrity sha512-UtJcAD4yEaGtjPezWuO9wC4nwUnVH/8/Im3yEHQP4b67cXlD/Qr9hdITCU1xDbSEXg2XKNaP8jsReV7vQd00/A==

minimist@^1.2.6:
  version "1.2.8"
  resolved "https://registry.yarnpkg.com/minimist/-/minimist-1.2.8.tgz#c1a464e7693302e082a075cee0c057741ac4772c"
  integrity sha512-2yyAR8qBkN3YuheJanUpWC5U3bb5osDywNB8RzDVlDwDHbocAJveqqj1u8+SVD7jkWT4yvsHCpWqqWqAxb0zCA==

n3@^1.16.3, n3@^1.17.0, n3@^1.17.1, n3@^1.22.3:
  version "1.22.3"
  resolved "https://registry.npmjs.org/n3/-/n3-1.22.3.tgz"
  integrity sha512-TAFTjk0ErUbvw65sWpvj86ombVMfB63SxsZXQnVC8Ms02rDbOiA26WlP3tilEnuh3LhUa5TPiB0FyoYsPZ/DmA==
  dependencies:
    buffer "^6.0.3"
    queue-microtask "^1.1.2"
    readable-stream "^4.0.0"

node-domexception@^1.0.0:
  version "1.0.0"
  resolved "https://registry.yarnpkg.com/node-domexception/-/node-domexception-1.0.0.tgz#6888db46a1f71c0b76b3f7555016b63fe64766e5"
  integrity sha512-/jKZoMpw0F8GRwl4/eLROPA3cfcXtLApP0QzLmUT/HuPCZWyB7IY9ZrMeKw2O/nFIqPQB3PVM9aYm0F312AXDQ==

node-fetch@2.7.0, node-fetch@^2.6.12:
  version "2.7.0"
  resolved "https://registry.npmjs.org/node-fetch/-/node-fetch-2.7.0.tgz"
  integrity sha512-c4FRfUm/dbcWZ7U+1Wq0AwCyFL+3nt2bEw05wfxSz+DWpWsitgmSgYmy2dQdWyKC1694ELPqMs/YzUSNozLt8A==
  dependencies:
    whatwg-url "^5.0.0"

node-fetch@^3.2.10:
  version "3.3.2"
  resolved "https://registry.yarnpkg.com/node-fetch/-/node-fetch-3.3.2.tgz#d1e889bacdf733b4ff3b2b243eb7a12866a0b78b"
  integrity sha512-dRB78srN/l6gqWulah9SrxeYnxeddIG30+GOqK/9OlLVyLg3HPnr6SqOWTWOXKRwC2eGYCkZ59NNuSgvSrpgOA==
  dependencies:
    data-uri-to-buffer "^4.0.0"
    fetch-blob "^3.1.4"
    formdata-polyfill "^4.0.10"

process@^0.11.10:
  version "0.11.10"
  resolved "https://registry.npmjs.org/process/-/process-0.11.10.tgz"
  integrity sha512-cdGef/drWFoydD1JsMzuFf8100nZl+GT+yacc2bEced5f9Rjk4z+WtFUTBu9PhOi9j/jfmBPu0mMEY4wIdAF8A==

promise-polyfill@^1.1.6:
  version "1.1.6"
  resolved "https://registry.yarnpkg.com/promise-polyfill/-/promise-polyfill-1.1.6.tgz#cd04eff46f5c95c3a7d045591d79b5e3e01f12d7"
  integrity sha512-7rrONfyLkDEc7OJ5QBkqa4KI4EBhCd340xRuIUPGCfu13znS+vx+VDdrT9ODAJHlXm7w4lbxN3DRjyv58EuzDg==

queue-microtask@^1.1.2:
  version "1.2.3"
  resolved "https://registry.npmjs.org/queue-microtask/-/queue-microtask-1.2.3.tgz"
  integrity sha512-NuaNSa6flKT5JaSYQzJok04JzTL1CA6aGhv5rfLW3PgqA+M2ChpZQnAC8h8i4ZFkBS8X5RqkDBHA7r4hej3K9A==

rdf-canonize@^3.4.0:
  version "3.4.0"
  resolved "https://registry.yarnpkg.com/rdf-canonize/-/rdf-canonize-3.4.0.tgz#87f88342b173cc371d812a07de350f0c1aa9f058"
  integrity sha512-fUeWjrkOO0t1rg7B2fdyDTvngj+9RlUyL92vOdiB7c0FPguWVsniIMjEtHH+meLBO9rzkUlUzBVXgWrjI8P9LA==
  dependencies:
    setimmediate "^1.0.5"

rdf-data-factory@^1.1.0, rdf-data-factory@^1.1.2:
  version "1.1.2"
  resolved "https://registry.npmjs.org/rdf-data-factory/-/rdf-data-factory-1.1.2.tgz"
  integrity sha512-TfQD63Lokabd09ES1jAtKK8AA6rkr9rwyUBGo6olOt1CE0Um36CUQIqytyf0am2ouBPR0l7SaHxCiMcPGHkt1A==
  dependencies:
    "@rdfjs/types" "*"

rdf-isomorphic@^1.3.0, rdf-isomorphic@^1.3.1:
  version "1.3.1"
  resolved "https://registry.npmjs.org/rdf-isomorphic/-/rdf-isomorphic-1.3.1.tgz"
  integrity sha512-6uIhsXTVp2AtO6f41PdnRV5xZsa0zVZQDTBdn0br+DZuFf5M/YD+T6m8hKDUnALI6nFL/IujTMLgEs20MlNidQ==
  dependencies:
    "@rdfjs/types" "*"
    hash.js "^1.1.7"
    rdf-string "^1.6.0"
    rdf-terms "^1.7.0"

rdf-serialize@^4.0.1:
  version "4.0.1"
  resolved "https://registry.yarnpkg.com/rdf-serialize/-/rdf-serialize-4.0.1.tgz#8a4cfbd7c27a4bac29a400816f16b626ab1fbda4"
  integrity sha512-iPeyp8WWdyuZvDBRgIaTJCeRSalI3+qOaHIrvrXIAAfRpI4iMgpPpJJgDKVYd1PiedxGtpdjh3tA0VlxAhzqNw==
  dependencies:
    "@comunica/actor-rdf-serialize-jsonld" "^4.0.1"
    "@comunica/actor-rdf-serialize-n3" "^4.0.1"
    "@comunica/actor-rdf-serialize-shaclc" "^4.0.1"
    "@comunica/bus-init" "^4.0.1"
    "@comunica/bus-rdf-serialize" "^4.0.1"
    "@comunica/config-query-sparql" "^4.0.1"
    "@comunica/core" "^4.0.1"
    "@comunica/mediator-combine-pipeline" "^4.0.1"
    "@comunica/mediator-combine-union" "^4.0.1"
    "@comunica/mediator-race" "^4.0.1"
    "@rdfjs/types" "*"
    readable-stream "^4.5.2"
    stream-to-string "^1.1.0"

rdf-string-ttl@^1.3.2:
  version "1.3.2"
  resolved "https://registry.yarnpkg.com/rdf-string-ttl/-/rdf-string-ttl-1.3.2.tgz#56060c41680a1ed46cf99d3b42a65754e037dd35"
  integrity sha512-yqolaVoUvTaSC5aaQuMcB4BL54G/pCGsV4jQH87f0TvAx8zHZG0koh7XWrjva/IPGcVb1QTtaeEdfda5mcddJg==
  dependencies:
    "@rdfjs/types" "*"
    rdf-data-factory "^1.1.0"

rdf-string@^1.6.0:
  version "1.6.3"
  resolved "https://registry.npmjs.org/rdf-string/-/rdf-string-1.6.3.tgz"
  integrity sha512-HIVwQ2gOqf+ObsCLSUAGFZMIl3rh9uGcRf1KbM85UDhKqP+hy6qj7Vz8FKt3GA54RiThqK3mNcr66dm1LP0+6g==
  dependencies:
    "@rdfjs/types" "*"
    rdf-data-factory "^1.1.0"

rdf-terms@^1.10.0, rdf-terms@^1.7.0:
  version "1.11.0"
  resolved "https://registry.npmjs.org/rdf-terms/-/rdf-terms-1.11.0.tgz"
  integrity sha512-iKlVgnMopRKl9pHVNrQrax7PtZKRCT/uJIgYqvuw1VVQb88zDvurtDr1xp0rt7N9JtKtFwUXoIQoEsjyRo20qQ==
  dependencies:
    "@rdfjs/types" "*"
    rdf-data-factory "^1.1.0"
    rdf-string "^1.6.0"

readable-stream@^4.0.0, readable-stream@^4.5.2:
  version "4.5.2"
  resolved "https://registry.npmjs.org/readable-stream/-/readable-stream-4.5.2.tgz"
  integrity sha512-yjavECdqeZ3GLXNgRXgeQEdz9fvDDkNKyHnbHRFtOr7/LcfgBcmct7t/ET+HaCTqfh06OzoAxrkN/IfjJBVe+g==
  dependencies:
    abort-controller "^3.0.0"
    buffer "^6.0.3"
    events "^3.3.0"
    process "^0.11.10"
    string_decoder "^1.3.0"

relative-to-absolute-iri@^1.0.5:
  version "1.0.7"
  resolved "https://registry.yarnpkg.com/relative-to-absolute-iri/-/relative-to-absolute-iri-1.0.7.tgz#f2fd6ee60c78d9ffc4926bd20bdf84479b91d765"
  integrity sha512-Xjyl4HmIzg2jzK/Un2gELqbcE8Fxy85A/aLSHE6PE/3+OGsFwmKVA1vRyGaz6vLWSqLDMHA+5rjD/xbibSQN1Q==

safe-buffer@~5.1.1:
  version "5.1.2"
  resolved "https://registry.yarnpkg.com/safe-buffer/-/safe-buffer-5.1.2.tgz#991ec69d296e0313747d59bdfd2b745c35f8828d"
  integrity sha512-Gd2UZBJDkXlY7GbJxfsE8/nvKkUEU1G38c1siN6QP6a9PT9MmHB8GnpscSmMJSoF8LOIrt8ud/wPtojys4G6+g==

safe-buffer@~5.2.0:
  version "5.2.1"
  resolved "https://registry.npmjs.org/safe-buffer/-/safe-buffer-5.2.1.tgz"
  integrity sha512-rp3So07KcdmmKbGvgaNxQSJr7bGVSVk5S9Eq1F+ppbRo70+YeaDxkw5Dd8NPN+GD6bjnYm2VuPuCXmpuYvmCXQ==

setimmediate@^1.0.5:
  version "1.0.5"
  resolved "https://registry.yarnpkg.com/setimmediate/-/setimmediate-1.0.5.tgz#290cbb232e306942d7d7ea9b83732ab7856f8285"
  integrity sha512-MATJdZp8sLqDl/68LfQmbP8zKPLQNV6BIZoIgrscFDQ+RsvK/BxeDQOgyxKKoh0y/8h3BqVFnCqQ/gd+reiIXA==

shaclc-write@^1.4.2:
  version "1.4.3"
  resolved "https://registry.yarnpkg.com/shaclc-write/-/shaclc-write-1.4.3.tgz#c6833f642d6b72f0119f1511f62ccc545e79007d"
  integrity sha512-dtJ6LokIluzQuHRWCFvNnmGyh07FxBK2L4utkOQn/wYD9eNamUUCt7sDBcuFDyD3jAGv0Ipmv0EitTyKcM1f/w==
  dependencies:
    "@jeswr/prefixcc" "^1.2.1"
    n3 "^1.16.3"
    rdf-string-ttl "^1.3.2"

sparqlalgebrajs@^4.3.8:
  version "4.3.8"
  resolved "https://registry.yarnpkg.com/sparqlalgebrajs/-/sparqlalgebrajs-4.3.8.tgz#2b339120fc3e4d7cc952c113ee6f1ab8e0d3b7a5"
  integrity sha512-Xo1/5icRtVk2N38BrY9NXN8N/ZPjULlns7sDHv0nlcGOsOediBLWVy8LmV+Q90RHvb3atZZbrFy3VqrM4iXciA==
  dependencies:
    "@rdfjs/types" "*"
    "@types/sparqljs" "^3.1.3"
    fast-deep-equal "^3.1.3"
    minimist "^1.2.6"
    rdf-data-factory "^1.1.0"
    rdf-isomorphic "^1.3.0"
    rdf-string "^1.6.0"
    rdf-terms "^1.10.0"
    sparqljs "^3.7.1"

sparqljs@^3.7.1:
  version "3.7.3"
  resolved "https://registry.yarnpkg.com/sparqljs/-/sparqljs-3.7.3.tgz#075821d51ef4954284e36569503fe5558cfb71b0"
  integrity sha512-FQfHUhfwn5PD9WH6xPU7DhFfXMgqK/XoDrYDVxz/grhw66Il0OjRg3JBgwuEvwHnQt7oSTiKWEiCZCPNaUbqgg==
  dependencies:
    rdf-data-factory "^1.1.2"

stream-to-string@^1.1.0, stream-to-string@^1.2.1:
  version "1.2.1"
  resolved "https://registry.yarnpkg.com/stream-to-string/-/stream-to-string-1.2.1.tgz#15cb325d88b33cc62accb032c7093f85eb785db2"
  integrity sha512-WsvTDNF8UYs369Yko3pcdTducQtYpzEZeOV7cTuReyFvOoA9S/DLJ6sYK+xPafSPHhUMpaxiljKYnT6JSFztIA==
  dependencies:
    promise-polyfill "^1.1.6"

streamify-array@^1.0.1:
  version "1.0.1"
  resolved "https://registry.yarnpkg.com/streamify-array/-/streamify-array-1.0.1.tgz#741cd1e7eaf1d451a0da484e5dc986a76dfa479c"
  integrity sha512-ZnswaBcC6B1bhPLSQOlC6CdaDUSzU0wr2lvvHpbHNms8V7+DLd8uEAzDAWpsjxbFkijBHhuObFO/qqu52DZUMA==

string_decoder@^1.3.0:
  version "1.3.0"
  resolved "https://registry.npmjs.org/string_decoder/-/string_decoder-1.3.0.tgz"
  integrity sha512-hkRX8U1WjJFd8LsDJ2yQ/wWWxaopEsABU1XfkM8A+j0+85JAGppt16cr1Whg6KIbb4okU6Mql6BOj+uup/wKeA==
  dependencies:
    safe-buffer "~5.2.0"

tr46@~0.0.3:
  version "0.0.3"
  resolved "https://registry.npmjs.org/tr46/-/tr46-0.0.3.tgz"
  integrity sha512-N3WMsuqV66lT30CrXNbEjx4GEwlow3v6rr4mCcv6prnfwhS01rkgyFdjPNBYd9br7LpXV1+Emh01fHnq2Gdgrw==

undici-types@~5.26.4:
  version "5.26.5"
  resolved "https://registry.yarnpkg.com/undici-types/-/undici-types-5.26.5.tgz#bcd539893d00b56e964fd2657a4866b221a65617"
  integrity sha512-JlCMO+ehdEIKqlFxk6IfVoAUVmgz7cU7zD/h9XZ0qzeosSHmUJVOzSQvvYSYWXkFXC+IfLKSIffhv0sVZup6pA==

undici-types@~6.19.2:
  version "6.19.8"
  resolved "https://registry.npmjs.org/undici-types/-/undici-types-6.19.8.tgz"
  integrity sha512-ve2KP6f/JnbPBFyobGHuerC9g1FYGn/F8n1LWTwNxCEzd6IfqTwUQcNXgEtmmQ6DlRrC1hrSrBnCZPokRrDHjw==

undici@^5.21.2:
  version "5.28.4"
  resolved "https://registry.yarnpkg.com/undici/-/undici-5.28.4.tgz#6b280408edb6a1a604a9b20340f45b422e373068"
  integrity sha512-72RFADWFqKmUb2hmmvNODKL3p9hcB6Gt2DOQMis1SEBaV6a4MH8soBvzg+95CYhCKPFedut2JY9bMfrDl9D23g==
  dependencies:
    "@fastify/busboy" "^2.0.0"

universalify@^2.0.0:
  version "2.0.1"
  resolved "https://registry.npmjs.org/universalify/-/universalify-2.0.1.tgz"
  integrity sha512-gptHNQghINnc/vTGIk0SOFGFNXw7JVrlRUtConJRlvaw6DuX0wO5Jeko9sWrMBhh+PsYAZ7oXAiOnf/UKogyiw==

uuid@^10.0.0:
  version "10.0.0"
  resolved "https://registry.npmjs.org/uuid/-/uuid-10.0.0.tgz"
  integrity sha512-8XkAphELsDnEGrDxUOHB3RGvXz6TeuYSGEZBOjtTtPm2lwhGBjLgOzLHB63IUWfBpNucQjND6d3AOudO+H3RWQ==

uuid@^9.0.1:
  version "9.0.1"
  resolved "https://registry.npmjs.org/uuid/-/uuid-9.0.1.tgz"
  integrity sha512-b+1eJOlsR9K8HJpow9Ok3fiWOWSIcIzXodvv0rQjVoOVNpWMpxf1wZNpt4y9h10odCNrqnYp1OBzRktckBe3sA==

web-streams-polyfill@^3.0.3:
  version "3.3.3"
  resolved "https://registry.yarnpkg.com/web-streams-polyfill/-/web-streams-polyfill-3.3.3.tgz#2073b91a2fdb1fbfbd401e7de0ac9f8214cecb4b"
  integrity sha512-d2JWLCivmZYTSIoge9MsgFCZrt571BikcWGYkjC1khllbTeDlGqZ2D8vD8E/lJa8WGWbb7Plm8/XJYV7IJHZZw==

webidl-conversions@^3.0.0:
  version "3.0.1"
  resolved "https://registry.npmjs.org/webidl-conversions/-/webidl-conversions-3.0.1.tgz"
  integrity sha512-2JAn3z8AR6rjK8Sm8orRC0h/bcl/DqL7tRPdGZ4I1CjdF+EaMLmYxBHyXuKL849eucPFhvBoxMsflfOb8kxaeQ==

whatwg-url@^5.0.0:
  version "5.0.0"
  resolved "https://registry.npmjs.org/whatwg-url/-/whatwg-url-5.0.0.tgz"
  integrity sha512-saE57nupxk6v3HY35+jzBwYa0rKSy0XR8JSxZPwgLr7ys0IBzhGviA1/TUGJLmSVqs8pb9AnvICXEuOHLprYTw==
  dependencies:
    tr46 "~0.0.3"
    webidl-conversions "^3.0.0"

yallist@^4.0.0:
  version "4.0.0"
  resolved "https://registry.yarnpkg.com/yallist/-/yallist-4.0.0.tgz#9bb92790d9c0effec63be73519e11a35019a3a72"
  integrity sha512-3wdGidZyq5PB084XLES5TpOSRA3wjXAlIWMhum2kRcv/41Sn2emQ0dycQW4uZXLejwKvg6EsvbdlVL+FYEct7A==
